// !$*UTF8*$!
{
	archiveVersion = 1;
	classes = {
	};
	objectVersion = 55;
	objects = {

/* Begin PBXBuildFile section */
		ED6D6CE726D56E5C00900DBC /* AsyncBluetooth in Frameworks */ = {isa = PBXBuildFile; productRef = ED6D6CE626D56E5C00900DBC /* AsyncBluetooth */; };
		ED6D6CE926D5D38A00900DBC /* ScanViewModel.swift in Sources */ = {isa = PBXBuildFile; fileRef = ED6D6CE826D5D38A00900DBC /* ScanViewModel.swift */; };
		ED6D6CEF26D7308600900DBC /* CookbookView.swift in Sources */ = {isa = PBXBuildFile; fileRef = ED6D6CEE26D7308600900DBC /* CookbookView.swift */; };
		ED8A8EED26D5644B0096E527 /* AsyncBluetoothCookbookApp.swift in Sources */ = {isa = PBXBuildFile; fileRef = ED8A8EEC26D5644B0096E527 /* AsyncBluetoothCookbookApp.swift */; };
		ED8A8EF126D5644C0096E527 /* Assets.xcassets in Resources */ = {isa = PBXBuildFile; fileRef = ED8A8EF026D5644C0096E527 /* Assets.xcassets */; };
		ED8A8EFE26D5644C0096E527 /* AsyncBluetoothCookbookTests.swift in Sources */ = {isa = PBXBuildFile; fileRef = ED8A8EFD26D5644C0096E527 /* AsyncBluetoothCookbookTests.swift */; };
		ED8A8F0826D5644C0096E527 /* AsyncBluetoothCookbookUITests.swift in Sources */ = {isa = PBXBuildFile; fileRef = ED8A8F0726D5644C0096E527 /* AsyncBluetoothCookbookUITests.swift */; };
		ED8A8F1626D564EE0096E527 /* ScanView.swift in Sources */ = {isa = PBXBuildFile; fileRef = ED8A8F1526D564EE0096E527 /* ScanView.swift */; };
/* End PBXBuildFile section */

/* Begin PBXContainerItemProxy section */
		ED8A8EFA26D5644C0096E527 /* PBXContainerItemProxy */ = {
			isa = PBXContainerItemProxy;
			containerPortal = ED8A8EE126D5644B0096E527 /* Project object */;
			proxyType = 1;
			remoteGlobalIDString = ED8A8EE826D5644B0096E527;
			remoteInfo = AsyncBluetoothCookbook;
		};
		ED8A8F0426D5644C0096E527 /* PBXContainerItemProxy */ = {
			isa = PBXContainerItemProxy;
			containerPortal = ED8A8EE126D5644B0096E527 /* Project object */;
			proxyType = 1;
			remoteGlobalIDString = ED8A8EE826D5644B0096E527;
			remoteInfo = AsyncBluetoothCookbook;
		};
/* End PBXContainerItemProxy section */

/* Begin PBXFileReference section */
		ED6D6CE826D5D38A00900DBC /* ScanViewModel.swift */ = {isa = PBXFileReference; lastKnownFileType = sourcecode.swift; path = ScanViewModel.swift; sourceTree = "<group>"; };
		ED6D6CEE26D7308600900DBC /* CookbookView.swift */ = {isa = PBXFileReference; lastKnownFileType = sourcecode.swift; path = CookbookView.swift; sourceTree = "<group>"; };
		ED8A8EE926D5644B0096E527 /* AsyncBluetoothCookbook.app */ = {isa = PBXFileReference; explicitFileType = wrapper.application; includeInIndex = 0; path = AsyncBluetoothCookbook.app; sourceTree = BUILT_PRODUCTS_DIR; };
		ED8A8EEC26D5644B0096E527 /* AsyncBluetoothCookbookApp.swift */ = {isa = PBXFileReference; lastKnownFileType = sourcecode.swift; path = AsyncBluetoothCookbookApp.swift; sourceTree = "<group>"; };
		ED8A8EF026D5644C0096E527 /* Assets.xcassets */ = {isa = PBXFileReference; lastKnownFileType = folder.assetcatalog; path = Assets.xcassets; sourceTree = "<group>"; };
		ED8A8EF926D5644C0096E527 /* AsyncBluetoothCookbookTests.xctest */ = {isa = PBXFileReference; explicitFileType = wrapper.cfbundle; includeInIndex = 0; path = AsyncBluetoothCookbookTests.xctest; sourceTree = BUILT_PRODUCTS_DIR; };
		ED8A8EFD26D5644C0096E527 /* AsyncBluetoothCookbookTests.swift */ = {isa = PBXFileReference; lastKnownFileType = sourcecode.swift; path = AsyncBluetoothCookbookTests.swift; sourceTree = "<group>"; };
		ED8A8F0326D5644C0096E527 /* AsyncBluetoothCookbookUITests.xctest */ = {isa = PBXFileReference; explicitFileType = wrapper.cfbundle; includeInIndex = 0; path = AsyncBluetoothCookbookUITests.xctest; sourceTree = BUILT_PRODUCTS_DIR; };
		ED8A8F0726D5644C0096E527 /* AsyncBluetoothCookbookUITests.swift */ = {isa = PBXFileReference; lastKnownFileType = sourcecode.swift; path = AsyncBluetoothCookbookUITests.swift; sourceTree = "<group>"; };
		ED8A8F1526D564EE0096E527 /* ScanView.swift */ = {isa = PBXFileReference; lastKnownFileType = sourcecode.swift; path = ScanView.swift; sourceTree = "<group>"; };
		ED8A8F1826D566FC0096E527 /* AsyncBluetooth */ = {isa = PBXFileReference; lastKnownFileType = folder; name = AsyncBluetooth; path = ../AsyncBluetooth; sourceTree = "<group>"; };
/* End PBXFileReference section */

/* Begin PBXFrameworksBuildPhase section */
		ED8A8EE626D5644B0096E527 /* Frameworks */ = {
			isa = PBXFrameworksBuildPhase;
			buildActionMask = 2147483647;
			files = (
				ED6D6CE726D56E5C00900DBC /* AsyncBluetooth in Frameworks */,
			);
			runOnlyForDeploymentPostprocessing = 0;
		};
		ED8A8EF626D5644C0096E527 /* Frameworks */ = {
			isa = PBXFrameworksBuildPhase;
			buildActionMask = 2147483647;
			files = (
			);
			runOnlyForDeploymentPostprocessing = 0;
		};
		ED8A8F0026D5644C0096E527 /* Frameworks */ = {
			isa = PBXFrameworksBuildPhase;
			buildActionMask = 2147483647;
			files = (
			);
			runOnlyForDeploymentPostprocessing = 0;
		};
/* End PBXFrameworksBuildPhase section */

/* Begin PBXGroup section */
		ED6D6CE526D56E5C00900DBC /* Frameworks */ = {
			isa = PBXGroup;
			children = (
			);
			name = Frameworks;
			sourceTree = "<group>";
		};
		ED6D6CF126D730E300900DBC /* Resources */ = {
			isa = PBXGroup;
			children = (
				ED8A8EF026D5644C0096E527 /* Assets.xcassets */,
			);
			path = Resources;
			sourceTree = "<group>";
		};
		ED6D6CF226D7316900900DBC /* Cookbook */ = {
			isa = PBXGroup;
			children = (
				ED6D6CEE26D7308600900DBC /* CookbookView.swift */,
			);
			path = Cookbook;
			sourceTree = "<group>";
		};
		ED8A8EE026D5644B0096E527 = {
			isa = PBXGroup;
			children = (
				ED8A8F1726D566FC0096E527 /* Packages */,
				ED8A8EEB26D5644B0096E527 /* Sources */,
				ED6D6CF126D730E300900DBC /* Resources */,
				ED8A8EFC26D5644C0096E527 /* UnitTests */,
				ED8A8F0626D5644C0096E527 /* UITests */,
				ED8A8EEA26D5644B0096E527 /* Products */,
				ED6D6CE526D56E5C00900DBC /* Frameworks */,
			);
			sourceTree = "<group>";
		};
		ED8A8EEA26D5644B0096E527 /* Products */ = {
			isa = PBXGroup;
			children = (
				ED8A8EE926D5644B0096E527 /* AsyncBluetoothCookbook.app */,
				ED8A8EF926D5644C0096E527 /* AsyncBluetoothCookbookTests.xctest */,
				ED8A8F0326D5644C0096E527 /* AsyncBluetoothCookbookUITests.xctest */,
			);
			name = Products;
			sourceTree = "<group>";
		};
		ED8A8EEB26D5644B0096E527 /* Sources */ = {
			isa = PBXGroup;
			children = (
				ED6D6CF226D7316900900DBC /* Cookbook */,
				ED8A8F1426D564B30096E527 /* Scan */,
				ED8A8EEC26D5644B0096E527 /* AsyncBluetoothCookbookApp.swift */,
			);
			path = Sources;
			sourceTree = "<group>";
		};
		ED8A8EFC26D5644C0096E527 /* UnitTests */ = {
			isa = PBXGroup;
			children = (
				ED8A8EFD26D5644C0096E527 /* AsyncBluetoothCookbookTests.swift */,
			);
			path = UnitTests;
			sourceTree = "<group>";
		};
		ED8A8F0626D5644C0096E527 /* UITests */ = {
			isa = PBXGroup;
			children = (
				ED8A8F0726D5644C0096E527 /* AsyncBluetoothCookbookUITests.swift */,
			);
			path = UITests;
			sourceTree = "<group>";
		};
		ED8A8F1426D564B30096E527 /* Scan */ = {
			isa = PBXGroup;
			children = (
				ED8A8F1526D564EE0096E527 /* ScanView.swift */,
				ED6D6CE826D5D38A00900DBC /* ScanViewModel.swift */,
			);
			path = Scan;
			sourceTree = "<group>";
		};
		ED8A8F1726D566FC0096E527 /* Packages */ = {
			isa = PBXGroup;
			children = (
				ED8A8F1826D566FC0096E527 /* AsyncBluetooth */,
			);
			name = Packages;
			sourceTree = "<group>";
		};
/* End PBXGroup section */

/* Begin PBXNativeTarget section */
		ED8A8EE826D5644B0096E527 /* AsyncBluetoothCookbook */ = {
			isa = PBXNativeTarget;
			buildConfigurationList = ED8A8F0B26D5644C0096E527 /* Build configuration list for PBXNativeTarget "AsyncBluetoothCookbook" */;
			buildPhases = (
				ED8A8EE526D5644B0096E527 /* Sources */,
				ED8A8EE626D5644B0096E527 /* Frameworks */,
				ED8A8EE726D5644B0096E527 /* Resources */,
			);
			buildRules = (
			);
			dependencies = (
				ED6D6CE426D56E5400900DBC /* PBXTargetDependency */,
			);
			name = AsyncBluetoothCookbook;
			packageProductDependencies = (
				ED6D6CE626D56E5C00900DBC /* AsyncBluetooth */,
			);
			productName = AsyncBluetoothCookbook;
			productReference = ED8A8EE926D5644B0096E527 /* AsyncBluetoothCookbook.app */;
			productType = "com.apple.product-type.application";
		};
		ED8A8EF826D5644C0096E527 /* AsyncBluetoothCookbookTests */ = {
			isa = PBXNativeTarget;
			buildConfigurationList = ED8A8F0E26D5644C0096E527 /* Build configuration list for PBXNativeTarget "AsyncBluetoothCookbookTests" */;
			buildPhases = (
				ED8A8EF526D5644C0096E527 /* Sources */,
				ED8A8EF626D5644C0096E527 /* Frameworks */,
				ED8A8EF726D5644C0096E527 /* Resources */,
			);
			buildRules = (
			);
			dependencies = (
				ED8A8EFB26D5644C0096E527 /* PBXTargetDependency */,
			);
			name = AsyncBluetoothCookbookTests;
			productName = AsyncBluetoothCookbookTests;
			productReference = ED8A8EF926D5644C0096E527 /* AsyncBluetoothCookbookTests.xctest */;
			productType = "com.apple.product-type.bundle.unit-test";
		};
		ED8A8F0226D5644C0096E527 /* AsyncBluetoothCookbookUITests */ = {
			isa = PBXNativeTarget;
			buildConfigurationList = ED8A8F1126D5644C0096E527 /* Build configuration list for PBXNativeTarget "AsyncBluetoothCookbookUITests" */;
			buildPhases = (
				ED8A8EFF26D5644C0096E527 /* Sources */,
				ED8A8F0026D5644C0096E527 /* Frameworks */,
				ED8A8F0126D5644C0096E527 /* Resources */,
			);
			buildRules = (
			);
			dependencies = (
				ED8A8F0526D5644C0096E527 /* PBXTargetDependency */,
			);
			name = AsyncBluetoothCookbookUITests;
			productName = AsyncBluetoothCookbookUITests;
			productReference = ED8A8F0326D5644C0096E527 /* AsyncBluetoothCookbookUITests.xctest */;
			productType = "com.apple.product-type.bundle.ui-testing";
		};
/* End PBXNativeTarget section */

/* Begin PBXProject section */
		ED8A8EE126D5644B0096E527 /* Project object */ = {
			isa = PBXProject;
			attributes = {
				BuildIndependentTargetsInParallel = 1;
				LastSwiftUpdateCheck = 1300;
				LastUpgradeCheck = 1300;
				TargetAttributes = {
					ED8A8EE826D5644B0096E527 = {
						CreatedOnToolsVersion = 13.0;
					};
					ED8A8EF826D5644C0096E527 = {
						CreatedOnToolsVersion = 13.0;
						TestTargetID = ED8A8EE826D5644B0096E527;
					};
					ED8A8F0226D5644C0096E527 = {
						CreatedOnToolsVersion = 13.0;
						TestTargetID = ED8A8EE826D5644B0096E527;
					};
				};
			};
			buildConfigurationList = ED8A8EE426D5644B0096E527 /* Build configuration list for PBXProject "AsyncBluetoothCookbook" */;
			compatibilityVersion = "Xcode 13.0";
			developmentRegion = en;
			hasScannedForEncodings = 0;
			knownRegions = (
				en,
				Base,
			);
			mainGroup = ED8A8EE026D5644B0096E527;
			productRefGroup = ED8A8EEA26D5644B0096E527 /* Products */;
			projectDirPath = "";
			projectRoot = "";
			targets = (
				ED8A8EE826D5644B0096E527 /* AsyncBluetoothCookbook */,
				ED8A8EF826D5644C0096E527 /* AsyncBluetoothCookbookTests */,
				ED8A8F0226D5644C0096E527 /* AsyncBluetoothCookbookUITests */,
			);
		};
/* End PBXProject section */

/* Begin PBXResourcesBuildPhase section */
		ED8A8EE726D5644B0096E527 /* Resources */ = {
			isa = PBXResourcesBuildPhase;
			buildActionMask = 2147483647;
			files = (
				ED8A8EF126D5644C0096E527 /* Assets.xcassets in Resources */,
			);
			runOnlyForDeploymentPostprocessing = 0;
		};
		ED8A8EF726D5644C0096E527 /* Resources */ = {
			isa = PBXResourcesBuildPhase;
			buildActionMask = 2147483647;
			files = (
			);
			runOnlyForDeploymentPostprocessing = 0;
		};
		ED8A8F0126D5644C0096E527 /* Resources */ = {
			isa = PBXResourcesBuildPhase;
			buildActionMask = 2147483647;
			files = (
			);
			runOnlyForDeploymentPostprocessing = 0;
		};
/* End PBXResourcesBuildPhase section */

/* Begin PBXSourcesBuildPhase section */
		ED8A8EE526D5644B0096E527 /* Sources */ = {
			isa = PBXSourcesBuildPhase;
			buildActionMask = 2147483647;
			files = (
				ED8A8EED26D5644B0096E527 /* AsyncBluetoothCookbookApp.swift in Sources */,
				ED6D6CE926D5D38A00900DBC /* ScanViewModel.swift in Sources */,
				ED8A8F1626D564EE0096E527 /* ScanView.swift in Sources */,
				ED6D6CEF26D7308600900DBC /* CookbookView.swift in Sources */,
			);
			runOnlyForDeploymentPostprocessing = 0;
		};
		ED8A8EF526D5644C0096E527 /* Sources */ = {
			isa = PBXSourcesBuildPhase;
			buildActionMask = 2147483647;
			files = (
				ED8A8EFE26D5644C0096E527 /* AsyncBluetoothCookbookTests.swift in Sources */,
			);
			runOnlyForDeploymentPostprocessing = 0;
		};
		ED8A8EFF26D5644C0096E527 /* Sources */ = {
			isa = PBXSourcesBuildPhase;
			buildActionMask = 2147483647;
			files = (
				ED8A8F0826D5644C0096E527 /* AsyncBluetoothCookbookUITests.swift in Sources */,
			);
			runOnlyForDeploymentPostprocessing = 0;
		};
/* End PBXSourcesBuildPhase section */

/* Begin PBXTargetDependency section */
		ED6D6CE426D56E5400900DBC /* PBXTargetDependency */ = {
			isa = PBXTargetDependency;
			productRef = ED6D6CE326D56E5400900DBC /* AsyncBluetooth */;
		};
		ED8A8EFB26D5644C0096E527 /* PBXTargetDependency */ = {
			isa = PBXTargetDependency;
			target = ED8A8EE826D5644B0096E527 /* AsyncBluetoothCookbook */;
			targetProxy = ED8A8EFA26D5644C0096E527 /* PBXContainerItemProxy */;
		};
		ED8A8F0526D5644C0096E527 /* PBXTargetDependency */ = {
			isa = PBXTargetDependency;
			target = ED8A8EE826D5644B0096E527 /* AsyncBluetoothCookbook */;
			targetProxy = ED8A8F0426D5644C0096E527 /* PBXContainerItemProxy */;
		};
/* End PBXTargetDependency section */

/* Begin XCBuildConfiguration section */
		ED8A8F0926D5644C0096E527 /* Debug */ = {
			isa = XCBuildConfiguration;
			buildSettings = {
				ALWAYS_SEARCH_USER_PATHS = NO;
				CLANG_ANALYZER_NONNULL = YES;
				CLANG_ANALYZER_NUMBER_OBJECT_CONVERSION = YES_AGGRESSIVE;
				CLANG_CXX_LANGUAGE_STANDARD = "gnu++17";
				CLANG_CXX_LIBRARY = "libc++";
				CLANG_ENABLE_MODULES = YES;
				CLANG_ENABLE_OBJC_ARC = YES;
				CLANG_ENABLE_OBJC_WEAK = YES;
				CLANG_WARN_BLOCK_CAPTURE_AUTORELEASING = YES;
				CLANG_WARN_BOOL_CONVERSION = YES;
				CLANG_WARN_COMMA = YES;
				CLANG_WARN_CONSTANT_CONVERSION = YES;
				CLANG_WARN_DEPRECATED_OBJC_IMPLEMENTATIONS = YES;
				CLANG_WARN_DIRECT_OBJC_ISA_USAGE = YES_ERROR;
				CLANG_WARN_DOCUMENTATION_COMMENTS = YES;
				CLANG_WARN_EMPTY_BODY = YES;
				CLANG_WARN_ENUM_CONVERSION = YES;
				CLANG_WARN_INFINITE_RECURSION = YES;
				CLANG_WARN_INT_CONVERSION = YES;
				CLANG_WARN_NON_LITERAL_NULL_CONVERSION = YES;
				CLANG_WARN_OBJC_IMPLICIT_RETAIN_SELF = YES;
				CLANG_WARN_OBJC_LITERAL_CONVERSION = YES;
				CLANG_WARN_OBJC_ROOT_CLASS = YES_ERROR;
				CLANG_WARN_QUOTED_INCLUDE_IN_FRAMEWORK_HEADER = YES;
				CLANG_WARN_RANGE_LOOP_ANALYSIS = YES;
				CLANG_WARN_STRICT_PROTOTYPES = YES;
				CLANG_WARN_SUSPICIOUS_MOVE = YES;
				CLANG_WARN_UNGUARDED_AVAILABILITY = YES_AGGRESSIVE;
				CLANG_WARN_UNREACHABLE_CODE = YES;
				CLANG_WARN__DUPLICATE_METHOD_MATCH = YES;
				COPY_PHASE_STRIP = NO;
				DEBUG_INFORMATION_FORMAT = dwarf;
				ENABLE_STRICT_OBJC_MSGSEND = YES;
				ENABLE_TESTABILITY = YES;
				GCC_C_LANGUAGE_STANDARD = gnu11;
				GCC_DYNAMIC_NO_PIC = NO;
				GCC_NO_COMMON_BLOCKS = YES;
				GCC_OPTIMIZATION_LEVEL = 0;
				GCC_PREPROCESSOR_DEFINITIONS = (
					"DEBUG=1",
					"$(inherited)",
				);
				GCC_WARN_64_TO_32_BIT_CONVERSION = YES;
				GCC_WARN_ABOUT_RETURN_TYPE = YES_ERROR;
				GCC_WARN_UNDECLARED_SELECTOR = YES;
				GCC_WARN_UNINITIALIZED_AUTOS = YES_AGGRESSIVE;
				GCC_WARN_UNUSED_FUNCTION = YES;
				GCC_WARN_UNUSED_VARIABLE = YES;
				IPHONEOS_DEPLOYMENT_TARGET = 15.0;
				MTL_ENABLE_DEBUG_INFO = INCLUDE_SOURCE;
				MTL_FAST_MATH = YES;
				ONLY_ACTIVE_ARCH = YES;
				SDKROOT = iphoneos;
				SWIFT_ACTIVE_COMPILATION_CONDITIONS = DEBUG;
				SWIFT_OPTIMIZATION_LEVEL = "-Onone";
			};
			name = Debug;
		};
		ED8A8F0A26D5644C0096E527 /* Release */ = {
			isa = XCBuildConfiguration;
			buildSettings = {
				ALWAYS_SEARCH_USER_PATHS = NO;
				CLANG_ANALYZER_NONNULL = YES;
				CLANG_ANALYZER_NUMBER_OBJECT_CONVERSION = YES_AGGRESSIVE;
				CLANG_CXX_LANGUAGE_STANDARD = "gnu++17";
				CLANG_CXX_LIBRARY = "libc++";
				CLANG_ENABLE_MODULES = YES;
				CLANG_ENABLE_OBJC_ARC = YES;
				CLANG_ENABLE_OBJC_WEAK = YES;
				CLANG_WARN_BLOCK_CAPTURE_AUTORELEASING = YES;
				CLANG_WARN_BOOL_CONVERSION = YES;
				CLANG_WARN_COMMA = YES;
				CLANG_WARN_CONSTANT_CONVERSION = YES;
				CLANG_WARN_DEPRECATED_OBJC_IMPLEMENTATIONS = YES;
				CLANG_WARN_DIRECT_OBJC_ISA_USAGE = YES_ERROR;
				CLANG_WARN_DOCUMENTATION_COMMENTS = YES;
				CLANG_WARN_EMPTY_BODY = YES;
				CLANG_WARN_ENUM_CONVERSION = YES;
				CLANG_WARN_INFINITE_RECURSION = YES;
				CLANG_WARN_INT_CONVERSION = YES;
				CLANG_WARN_NON_LITERAL_NULL_CONVERSION = YES;
				CLANG_WARN_OBJC_IMPLICIT_RETAIN_SELF = YES;
				CLANG_WARN_OBJC_LITERAL_CONVERSION = YES;
				CLANG_WARN_OBJC_ROOT_CLASS = YES_ERROR;
				CLANG_WARN_QUOTED_INCLUDE_IN_FRAMEWORK_HEADER = YES;
				CLANG_WARN_RANGE_LOOP_ANALYSIS = YES;
				CLANG_WARN_STRICT_PROTOTYPES = YES;
				CLANG_WARN_SUSPICIOUS_MOVE = YES;
				CLANG_WARN_UNGUARDED_AVAILABILITY = YES_AGGRESSIVE;
				CLANG_WARN_UNREACHABLE_CODE = YES;
				CLANG_WARN__DUPLICATE_METHOD_MATCH = YES;
				COPY_PHASE_STRIP = NO;
				DEBUG_INFORMATION_FORMAT = "dwarf-with-dsym";
				ENABLE_NS_ASSERTIONS = NO;
				ENABLE_STRICT_OBJC_MSGSEND = YES;
				GCC_C_LANGUAGE_STANDARD = gnu11;
				GCC_NO_COMMON_BLOCKS = YES;
				GCC_WARN_64_TO_32_BIT_CONVERSION = YES;
				GCC_WARN_ABOUT_RETURN_TYPE = YES_ERROR;
				GCC_WARN_UNDECLARED_SELECTOR = YES;
				GCC_WARN_UNINITIALIZED_AUTOS = YES_AGGRESSIVE;
				GCC_WARN_UNUSED_FUNCTION = YES;
				GCC_WARN_UNUSED_VARIABLE = YES;
				IPHONEOS_DEPLOYMENT_TARGET = 15.0;
				MTL_ENABLE_DEBUG_INFO = NO;
				MTL_FAST_MATH = YES;
				SDKROOT = iphoneos;
				SWIFT_COMPILATION_MODE = wholemodule;
				SWIFT_OPTIMIZATION_LEVEL = "-O";
				VALIDATE_PRODUCT = YES;
			};
			name = Release;
		};
		ED8A8F0C26D5644C0096E527 /* Debug */ = {
			isa = XCBuildConfiguration;
			buildSettings = {
				ASSETCATALOG_COMPILER_APPICON_NAME = AppIcon;
				ASSETCATALOG_COMPILER_GLOBAL_ACCENT_COLOR_NAME = AccentColor;
				CODE_SIGN_STYLE = Automatic;
				CURRENT_PROJECT_VERSION = 1;
				DEVELOPMENT_ASSET_PATHS = "";
				ENABLE_PREVIEWS = YES;
				GENERATE_INFOPLIST_FILE = YES;
				INFOPLIST_KEY_UIApplicationSceneManifest_Generation = YES;
				INFOPLIST_KEY_UIApplicationSupportsIndirectInputEvents = YES;
				INFOPLIST_KEY_UILaunchScreen_Generation = YES;
				INFOPLIST_KEY_UISupportedInterfaceOrientations_iPad = "UIInterfaceOrientationPortrait UIInterfaceOrientationPortraitUpsideDown UIInterfaceOrientationLandscapeLeft UIInterfaceOrientationLandscapeRight";
				INFOPLIST_KEY_UISupportedInterfaceOrientations_iPhone = "UIInterfaceOrientationPortrait UIInterfaceOrientationLandscapeLeft UIInterfaceOrientationLandscapeRight";
				IPHONEOS_DEPLOYMENT_TARGET = 15.0;
				LD_RUNPATH_SEARCH_PATHS = (
					"$(inherited)",
					"@executable_path/Frameworks",
				);
				MARKETING_VERSION = 1.0;
				PRODUCT_BUNDLE_IDENTIFIER = com.manolofdez.AsyncBluetoothCookbook;
				PRODUCT_NAME = "$(TARGET_NAME)";
				SWIFT_EMIT_LOC_STRINGS = YES;
				SWIFT_VERSION = 5.0;
				TARGETED_DEVICE_FAMILY = "1,2";
			};
			name = Debug;
		};
		ED8A8F0D26D5644C0096E527 /* Release */ = {
			isa = XCBuildConfiguration;
			buildSettings = {
				ASSETCATALOG_COMPILER_APPICON_NAME = AppIcon;
				ASSETCATALOG_COMPILER_GLOBAL_ACCENT_COLOR_NAME = AccentColor;
				CODE_SIGN_STYLE = Automatic;
				CURRENT_PROJECT_VERSION = 1;
				DEVELOPMENT_ASSET_PATHS = "";
				ENABLE_PREVIEWS = YES;
				GENERATE_INFOPLIST_FILE = YES;
				INFOPLIST_KEY_UIApplicationSceneManifest_Generation = YES;
				INFOPLIST_KEY_UIApplicationSupportsIndirectInputEvents = YES;
				INFOPLIST_KEY_UILaunchScreen_Generation = YES;
				INFOPLIST_KEY_UISupportedInterfaceOrientations_iPad = "UIInterfaceOrientationPortrait UIInterfaceOrientationPortraitUpsideDown UIInterfaceOrientationLandscapeLeft UIInterfaceOrientationLandscapeRight";
				INFOPLIST_KEY_UISupportedInterfaceOrientations_iPhone = "UIInterfaceOrientationPortrait UIInterfaceOrientationLandscapeLeft UIInterfaceOrientationLandscapeRight";
				IPHONEOS_DEPLOYMENT_TARGET = 15.0;
				LD_RUNPATH_SEARCH_PATHS = (
					"$(inherited)",
					"@executable_path/Frameworks",
				);
				MARKETING_VERSION = 1.0;
				PRODUCT_BUNDLE_IDENTIFIER = com.manolofdez.AsyncBluetoothCookbook;
				PRODUCT_NAME = "$(TARGET_NAME)";
				SWIFT_EMIT_LOC_STRINGS = YES;
				SWIFT_VERSION = 5.0;
				TARGETED_DEVICE_FAMILY = "1,2";
			};
			name = Release;
		};
		ED8A8F0F26D5644C0096E527 /* Debug */ = {
			isa = XCBuildConfiguration;
			buildSettings = {
				ALWAYS_EMBED_SWIFT_STANDARD_LIBRARIES = YES;
				BUNDLE_LOADER = "$(TEST_HOST)";
				CODE_SIGN_STYLE = Automatic;
				CURRENT_PROJECT_VERSION = 1;
				GENERATE_INFOPLIST_FILE = YES;
				IPHONEOS_DEPLOYMENT_TARGET = 15.0;
				LD_RUNPATH_SEARCH_PATHS = (
					"$(inherited)",
					"@executable_path/Frameworks",
					"@loader_path/Frameworks",
				);
				MARKETING_VERSION = 1.0;
				PRODUCT_BUNDLE_IDENTIFIER = com.manolofdez.AsyncBluetoothCookbookTests;
				PRODUCT_NAME = "$(TARGET_NAME)";
				SWIFT_EMIT_LOC_STRINGS = NO;
				SWIFT_VERSION = 5.0;
				TARGETED_DEVICE_FAMILY = "1,2";
				TEST_HOST = "$(BUILT_PRODUCTS_DIR)/AsyncBluetoothCookbook.app/AsyncBluetoothCookbook";
			};
			name = Debug;
		};
		ED8A8F1026D5644C0096E527 /* Release */ = {
			isa = XCBuildConfiguration;
			buildSettings = {
				ALWAYS_EMBED_SWIFT_STANDARD_LIBRARIES = YES;
				BUNDLE_LOADER = "$(TEST_HOST)";
				CODE_SIGN_STYLE = Automatic;
				CURRENT_PROJECT_VERSION = 1;
				GENERATE_INFOPLIST_FILE = YES;
				IPHONEOS_DEPLOYMENT_TARGET = 15.0;
				LD_RUNPATH_SEARCH_PATHS = (
					"$(inherited)",
					"@executable_path/Frameworks",
					"@loader_path/Frameworks",
				);
				MARKETING_VERSION = 1.0;
				PRODUCT_BUNDLE_IDENTIFIER = com.manolofdez.AsyncBluetoothCookbookTests;
				PRODUCT_NAME = "$(TARGET_NAME)";
				SWIFT_EMIT_LOC_STRINGS = NO;
				SWIFT_VERSION = 5.0;
				TARGETED_DEVICE_FAMILY = "1,2";
				TEST_HOST = "$(BUILT_PRODUCTS_DIR)/AsyncBluetoothCookbook.app/AsyncBluetoothCookbook";
			};
			name = Release;
		};
		ED8A8F1226D5644C0096E527 /* Debug */ = {
			isa = XCBuildConfiguration;
			buildSettings = {
				ALWAYS_EMBED_SWIFT_STANDARD_LIBRARIES = YES;
				CODE_SIGN_STYLE = Automatic;
				CURRENT_PROJECT_VERSION = 1;
				GENERATE_INFOPLIST_FILE = YES;
				LD_RUNPATH_SEARCH_PATHS = (
					"$(inherited)",
					"@executable_path/Frameworks",
					"@loader_path/Frameworks",
				);
				MARKETING_VERSION = 1.0;
				PRODUCT_BUNDLE_IDENTIFIER = com.manolofdez.AsyncBluetoothCookbookUITests;
				PRODUCT_NAME = "$(TARGET_NAME)";
				SWIFT_EMIT_LOC_STRINGS = NO;
				SWIFT_VERSION = 5.0;
				TARGETED_DEVICE_FAMILY = "1,2";
				TEST_TARGET_NAME = AsyncBluetoothCookbook;
			};
			name = Debug;
		};
		ED8A8F1326D5644C0096E527 /* Release */ = {
			isa = XCBuildConfiguration;
			buildSettings = {
				ALWAYS_EMBED_SWIFT_STANDARD_LIBRARIES = YES;
				CODE_SIGN_STYLE = Automatic;
				CURRENT_PROJECT_VERSION = 1;
				GENERATE_INFOPLIST_FILE = YES;
				LD_RUNPATH_SEARCH_PATHS = (
					"$(inherited)",
					"@executable_path/Frameworks",
					"@loader_path/Frameworks",
				);
				MARKETING_VERSION = 1.0;
				PRODUCT_BUNDLE_IDENTIFIER = com.manolofdez.AsyncBluetoothCookbookUITests;
				PRODUCT_NAME = "$(TARGET_NAME)";
				SWIFT_EMIT_LOC_STRINGS = NO;
				SWIFT_VERSION = 5.0;
				TARGETED_DEVICE_FAMILY = "1,2";
				TEST_TARGET_NAME = AsyncBluetoothCookbook;
			};
			name = Release;
		};
/* End XCBuildConfiguration section */

/* Begin XCConfigurationList section */
		ED8A8EE426D5644B0096E527 /* Build configuration list for PBXProject "AsyncBluetoothCookbook" */ = {
			isa = XCConfigurationList;
			buildConfigurations = (
				ED8A8F0926D5644C0096E527 /* Debug */,
				ED8A8F0A26D5644C0096E527 /* Release */,
			);
			defaultConfigurationIsVisible = 0;
			defaultConfigurationName = Release;
		};
		ED8A8F0B26D5644C0096E527 /* Build configuration list for PBXNativeTarget "AsyncBluetoothCookbook" */ = {
			isa = XCConfigurationList;
			buildConfigurations = (
				ED8A8F0C26D5644C0096E527 /* Debug */,
				ED8A8F0D26D5644C0096E527 /* Release */,
			);
			defaultConfigurationIsVisible = 0;
			defaultConfigurationName = Release;
		};
		ED8A8F0E26D5644C0096E527 /* Build configuration list for PBXNativeTarget "AsyncBluetoothCookbookTests" */ = {
			isa = XCConfigurationList;
			buildConfigurations = (
				ED8A8F0F26D5644C0096E527 /* Debug */,
				ED8A8F1026D5644C0096E527 /* Release */,
			);
			defaultConfigurationIsVisible = 0;
			defaultConfigurationName = Release;
		};
		ED8A8F1126D5644C0096E527 /* Build configuration list for PBXNativeTarget "AsyncBluetoothCookbookUITests" */ = {
			isa = XCConfigurationList;
			buildConfigurations = (
				ED8A8F1226D5644C0096E527 /* Debug */,
				ED8A8F1326D5644C0096E527 /* Release */,
			);
			defaultConfigurationIsVisible = 0;
			defaultConfigurationName = Release;
		};
/* End XCConfigurationList section */

/* Begin XCSwiftPackageProductDependency section */
		ED6D6CE326D56E5400900DBC /* AsyncBluetooth */ = {
			isa = XCSwiftPackageProductDependency;
			productName = AsyncBluetooth;
		};
		ED6D6CE626D56E5C00900DBC /* AsyncBluetooth */ = {
			isa = XCSwiftPackageProductDependency;
			productName = AsyncBluetooth;
		};
/* End XCSwiftPackageProductDependency section */
	};
	rootObject = ED8A8EE126D5644B0096E527 /* Project object */;
}
